
Microsoft Visual Studio Solution File, Format Version 12.00
# Visual Studio Version 17
VisualStudioVersion = 17.1.32414.318
MinimumVisualStudioVersion = 10.0.40219.1
Project("{8BC9CEB8-8B4A-11D0-8D11-00A0C91BC942}") = "DllInjection", "DllInjection\DllInjection.vcxproj", "{79A44475-8B5F-4CD4-9AC2-BB09E75E48E7}"
EndProject
Project("{8BC9CEB8-8B4A-11D0-8D11-00A0C91BC942}") = "TargetProgram", "TargetProgram\TargetProgram.vcxproj", "{492C5F3B-8EC3-4C22-BBAF-04305E067059}"
EndProject
Project("{8BC9CEB8-8B4A-11D0-8D11-00A0C91BC942}") = "ReplaceString", "..\ReplaceString\ReplaceString\ReplaceString.vcxproj", "{5403ACA9-AAB6-41F4-B384-F8538DB44C78}"
EndProject
Global
	GlobalSection(SolutionConfigurationPlatforms) = preSolution
		Debug|x64 = Debug|x64
		Debug|x86 = Debug|x86
		Release|x64 = Release|x64
		Release|x86 = Release|x86
	EndGlobalSection
	GlobalSection(ProjectConfigurationPlatforms) = postSolution
		{79A44475-8B5F-4CD4-9AC2-BB09E75E48E7}.Debug|x64.ActiveCfg = Debug|x64
		{79A44475-8B5F-4CD4-9AC2-BB09E75E48E7}.Debug|x64.Build.0 = Debug|x64
		{79A44475-8B5F-4CD4-9AC2-BB09E75E48E7}.Debug|x86.ActiveCfg = Debug|Win32
		{79A44475-8B5F-4CD4-9AC2-BB09E75E48E7}.Debug|x86.Build.0 = Debug|Win32
		{79A44475-8B5F-4CD4-9AC2-BB09E75E48E7}.Release|x64.ActiveCfg = Release|x64
		{79A44475-8B5F-4CD4-9AC2-BB09E75E48E7}.Release|x64.Build.0 = Release|x64
		{79A44475-8B5F-4CD4-9AC2-BB09E75E48E7}.Release|x86.ActiveCfg = Release|Win32
		{79A44475-8B5F-4CD4-9AC2-BB09E75E48E7}.Release|x86.Build.0 = Release|Win32
		{492C5F3B-8EC3-4C22-BBAF-04305E067059}.Debug|x64.ActiveCfg = Debug|x64
		{492C5F3B-8EC3-4C22-BBAF-04305E067059}.Debug|x64.Build.0 = Debug|x64
		{492C5F3B-8EC3-4C22-BBAF-04305E067059}.Debug|x86.ActiveCfg = Debug|Win32
		{492C5F3B-8EC3-4C22-BBAF-04305E067059}.Debug|x86.Build.0 = Debug|Win32
		{492C5F3B-8EC3-4C22-BBAF-04305E067059}.Release|x64.ActiveCfg = Release|x64
		{492C5F3B-8EC3-4C22-BBAF-04305E067059}.Release|x64.Build.0 = Release|x64
		{492C5F3B-8EC3-4C22-BBAF-04305E067059}.Release|x86.ActiveCfg = Release|Win32
		{492C5F3B-8EC3-4C22-BBAF-04305E067059}.Release|x86.Build.0 = Release|Win32
		{5403ACA9-AAB6-41F4-B384-F8538DB44C78}.Debug|x64.ActiveCfg = Debug|x64
		{5403ACA9-AAB6-41F4-B384-F8538DB44C78}.Debug|x64.Build.0 = Debug|x64
		{5403ACA9-AAB6-41F4-B384-F8538DB44C78}.Debug|x86.ActiveCfg = Debug|Win32
		{5403ACA9-AAB6-41F4-B384-F8538DB44C78}.Debug|x86.Build.0 = Debug|Win32
		{5403ACA9-AAB6-41F4-B384-F8538DB44C78}.Release|x64.ActiveCfg = Release|x64
		{5403ACA9-AAB6-41F4-B384-F8538DB44C78}.Release|x64.Build.0 = Release|x64
		{5403ACA9-AAB6-41F4-B384-F8538DB44C78}.Release|x86.ActiveCfg = Release|Win32
		{5403ACA9-AAB6-41F4-B384-F8538DB44C78}.Release|x86.Build.0 = Release|Win32
	EndGlobalSection
	GlobalSection(SolutionProperties) = preSolution
		HideSolutionNode = FALSE
	EndGlobalSection
	GlobalSection(ExtensibilityGlobals) = postSolution
		SolutionGuid = {A58D3265-96F0-46C9-812F-A30A00DF6163}
	EndGlobalSection
EndGlobal
